
Microsoft Visual Studio Solution File, Format Version 12.00
# Visual Studio Version 17
VisualStudioVersion = 17.3.32804.467
MinimumVisualStudioVersion = 10.0.40219.1
Project("{FAE04EC0-301F-11D3-BF4B-00C04F79EFBC}") = "RomanNumerals", "RomanNumerals\RomanNumerals.csproj", "{63945A29-B82D-4D76-B942-C6BC1C68D234}"
EndProject
Global
	GlobalSection(SolutionConfigurationPlatforms) = preSolution
		Debug|Any CPU = Debug|Any CPU
		Release|Any CPU = Release|Any CPU
	EndGlobalSection
	GlobalSection(ProjectConfigurationPlatforms) = postSolution
		{63945A29-B82D-4D76-B942-C6BC1C68D234}.Debug|Any CPU.ActiveCfg = Debug|Any CPU
		{63945A29-B82D-4D76-B942-C6BC1C68D234}.Debug|Any CPU.Build.0 = Debug|Any CPU
		{63945A29-B82D-4D76-B942-C6BC1C68D234}.Release|Any CPU.ActiveCfg = Release|Any CPU
		{63945A29-B82D-4D76-B942-C6BC1C68D234}.Release|Any CPU.Build.0 = Release|Any CPU
	EndGlobalSection
	GlobalSection(SolutionProperties) = preSolution
		HideSolutionNode = FALSE
	EndGlobalSection
	GlobalSection(ExtensibilityGlobals) = postSolution
		SolutionGuid = {24D66B12-E67C-4DE2-BD35-8A9D5855A124}
	EndGlobalSection
EndGlobal
